
Microsoft Visual Studio Solution File, Format Version 12.00
# Visual Studio Version 16
VisualStudioVersion = 16.0.31729.503
MinimumVisualStudioVersion = 10.0.40219.1
Project("{2150E333-8FDC-42A3-9474-1A3956D46DE8}") = "Basic CSharp", "Basic CSharp", "{7C460D35-3C71-4765-A20F-CEE5D7663506}"
EndProject
Project("{2150E333-8FDC-42A3-9474-1A3956D46DE8}") = "Basic OOP", "Basic OOP", "{7CBCD0B4-BA09-47FE-9D8D-9782B4634B60}"
EndProject
Project("{2150E333-8FDC-42A3-9474-1A3956D46DE8}") = "Advanced CSharp", "Advanced CSharp", "{66AC4D6F-940A-4AB9-8C84-7081682132E2}"
EndProject
Project("{9A19103F-16F7-4668-BE54-9A1E7A4F7556}") = "PhanSo", "PhanSo\PhanSo.csproj", "{53FEB0BB-172A-4EA2-8DD7-3E273C28F2FB}"
EndProject
Project("{9A19103F-16F7-4668-BE54-9A1E7A4F7556}") = "PhuongTrinhBac2", "PhuongTrinhBac2\PhuongTrinhBac2.csproj", "{D8CB7915-D730-44DA-888F-CA5C23B1B112}"
EndProject
Project("{9A19103F-16F7-4668-BE54-9A1E7A4F7556}") = "SoHoanHao", "SoHoanHao\SoHoanHao.csproj", "{B8734233-7699-4A22-BC66-8EDEA7DD2014}"
EndProject
Project("{9A19103F-16F7-4668-BE54-9A1E7A4F7556}") = "DaySoFibonacci", "DaySoFibonacci\DaySoFibonacci.csproj", "{C2A49BD5-56D1-45F7-BECB-BE420B9BE8F5}"
EndProject
Project("{9A19103F-16F7-4668-BE54-9A1E7A4F7556}") = "BoiChungNhoNhat", "BoiChungNhoNhat\BoiChungNhoNhat.csproj", "{420A15C6-E55D-423D-AA76-67E9CB011658}"
EndProject
Project("{9A19103F-16F7-4668-BE54-9A1E7A4F7556}") = "Mang", "Mang\Mang.csproj", "{D3944E94-224C-4633-9B34-DDC260E56A8B}"
EndProject
Project("{9A19103F-16F7-4668-BE54-9A1E7A4F7556}") = "MangHaiChieu", "MangHaiChieu\MangHaiChieu.csproj", "{74286AFF-0D3C-44F7-99B8-FC575F66C2F9}"
EndProject
Project("{9A19103F-16F7-4668-BE54-9A1E7A4F7556}") = "String", "String\String.csproj", "{4234B108-40BD-4097-AE95-596BA1815221}"
EndProject
Project("{9A19103F-16F7-4668-BE54-9A1E7A4F7556}") = "DateTimeTimeSpan", "DateTimeTimeSpan\DateTimeTimeSpan.csproj", "{859DEAD0-D2C0-4417-95B2-8A832FDA2C6A}"
EndProject
Project("{9A19103F-16F7-4668-BE54-9A1E7A4F7556}") = "Class+TinhDongGoi", "Class+TinhDongGoi\Class+TinhDongGoi.csproj", "{82D9D0A9-5BFC-44EE-8723-5E6A5B13D2A4}"
EndProject
Project("{9A19103F-16F7-4668-BE54-9A1E7A4F7556}") = "TinhKeThua", "TinhKeThua\TinhKeThua.csproj", "{6624DB35-B05A-42E0-B8A1-65B9511E01A5}"
EndProject
Project("{FAE04EC0-301F-11D3-BF4B-00C04F79EFBC}") = "TinhDaHinh", "TinhDaHinh\TinhDaHinh.csproj", "{BC7E964B-2B6F-444D-AE70-CC74E749FBCB}"
EndProject
Global
	GlobalSection(SolutionConfigurationPlatforms) = preSolution
		Debug|Any CPU = Debug|Any CPU
		Release|Any CPU = Release|Any CPU
	EndGlobalSection
	GlobalSection(ProjectConfigurationPlatforms) = postSolution
		{53FEB0BB-172A-4EA2-8DD7-3E273C28F2FB}.Debug|Any CPU.ActiveCfg = Debug|Any CPU
		{53FEB0BB-172A-4EA2-8DD7-3E273C28F2FB}.Debug|Any CPU.Build.0 = Debug|Any CPU
		{53FEB0BB-172A-4EA2-8DD7-3E273C28F2FB}.Release|Any CPU.ActiveCfg = Release|Any CPU
		{53FEB0BB-172A-4EA2-8DD7-3E273C28F2FB}.Release|Any CPU.Build.0 = Release|Any CPU
		{D8CB7915-D730-44DA-888F-CA5C23B1B112}.Debug|Any CPU.ActiveCfg = Debug|Any CPU
		{D8CB7915-D730-44DA-888F-CA5C23B1B112}.Debug|Any CPU.Build.0 = Debug|Any CPU
		{D8CB7915-D730-44DA-888F-CA5C23B1B112}.Release|Any CPU.ActiveCfg = Release|Any CPU
		{D8CB7915-D730-44DA-888F-CA5C23B1B112}.Release|Any CPU.Build.0 = Release|Any CPU
		{B8734233-7699-4A22-BC66-8EDEA7DD2014}.Debug|Any CPU.ActiveCfg = Debug|Any CPU
		{B8734233-7699-4A22-BC66-8EDEA7DD2014}.Debug|Any CPU.Build.0 = Debug|Any CPU
		{B8734233-7699-4A22-BC66-8EDEA7DD2014}.Release|Any CPU.ActiveCfg = Release|Any CPU
		{B8734233-7699-4A22-BC66-8EDEA7DD2014}.Release|Any CPU.Build.0 = Release|Any CPU
		{C2A49BD5-56D1-45F7-BECB-BE420B9BE8F5}.Debug|Any CPU.ActiveCfg = Debug|Any CPU
		{C2A49BD5-56D1-45F7-BECB-BE420B9BE8F5}.Debug|Any CPU.Build.0 = Debug|Any CPU
		{C2A49BD5-56D1-45F7-BECB-BE420B9BE8F5}.Release|Any CPU.ActiveCfg = Release|Any CPU
		{C2A49BD5-56D1-45F7-BECB-BE420B9BE8F5}.Release|Any CPU.Build.0 = Release|Any CPU
		{420A15C6-E55D-423D-AA76-67E9CB011658}.Debug|Any CPU.ActiveCfg = Debug|Any CPU
		{420A15C6-E55D-423D-AA76-67E9CB011658}.Debug|Any CPU.Build.0 = Debug|Any CPU
		{420A15C6-E55D-423D-AA76-67E9CB011658}.Release|Any CPU.ActiveCfg = Release|Any CPU
		{420A15C6-E55D-423D-AA76-67E9CB011658}.Release|Any CPU.Build.0 = Release|Any CPU
		{D3944E94-224C-4633-9B34-DDC260E56A8B}.Debug|Any CPU.ActiveCfg = Debug|Any CPU
		{D3944E94-224C-4633-9B34-DDC260E56A8B}.Debug|Any CPU.Build.0 = Debug|Any CPU
		{D3944E94-224C-4633-9B34-DDC260E56A8B}.Release|Any CPU.ActiveCfg = Release|Any CPU
		{D3944E94-224C-4633-9B34-DDC260E56A8B}.Release|Any CPU.Build.0 = Release|Any CPU
		{74286AFF-0D3C-44F7-99B8-FC575F66C2F9}.Debug|Any CPU.ActiveCfg = Debug|Any CPU
		{74286AFF-0D3C-44F7-99B8-FC575F66C2F9}.Debug|Any CPU.Build.0 = Debug|Any CPU
		{74286AFF-0D3C-44F7-99B8-FC575F66C2F9}.Release|Any CPU.ActiveCfg = Release|Any CPU
		{74286AFF-0D3C-44F7-99B8-FC575F66C2F9}.Release|Any CPU.Build.0 = Release|Any CPU
		{4234B108-40BD-4097-AE95-596BA1815221}.Debug|Any CPU.ActiveCfg = Debug|Any CPU
		{4234B108-40BD-4097-AE95-596BA1815221}.Debug|Any CPU.Build.0 = Debug|Any CPU
		{4234B108-40BD-4097-AE95-596BA1815221}.Release|Any CPU.ActiveCfg = Release|Any CPU
		{4234B108-40BD-4097-AE95-596BA1815221}.Release|Any CPU.Build.0 = Release|Any CPU
		{859DEAD0-D2C0-4417-95B2-8A832FDA2C6A}.Debug|Any CPU.ActiveCfg = Debug|Any CPU
		{859DEAD0-D2C0-4417-95B2-8A832FDA2C6A}.Debug|Any CPU.Build.0 = Debug|Any CPU
		{859DEAD0-D2C0-4417-95B2-8A832FDA2C6A}.Release|Any CPU.ActiveCfg = Release|Any CPU
		{859DEAD0-D2C0-4417-95B2-8A832FDA2C6A}.Release|Any CPU.Build.0 = Release|Any CPU
		{82D9D0A9-5BFC-44EE-8723-5E6A5B13D2A4}.Debug|Any CPU.ActiveCfg = Debug|Any CPU
		{82D9D0A9-5BFC-44EE-8723-5E6A5B13D2A4}.Debug|Any CPU.Build.0 = Debug|Any CPU
		{82D9D0A9-5BFC-44EE-8723-5E6A5B13D2A4}.Release|Any CPU.ActiveCfg = Release|Any CPU
		{82D9D0A9-5BFC-44EE-8723-5E6A5B13D2A4}.Release|Any CPU.Build.0 = Release|Any CPU
		{6624DB35-B05A-42E0-B8A1-65B9511E01A5}.Debug|Any CPU.ActiveCfg = Debug|Any CPU
		{6624DB35-B05A-42E0-B8A1-65B9511E01A5}.Debug|Any CPU.Build.0 = Debug|Any CPU
		{6624DB35-B05A-42E0-B8A1-65B9511E01A5}.Release|Any CPU.ActiveCfg = Release|Any CPU
		{6624DB35-B05A-42E0-B8A1-65B9511E01A5}.Release|Any CPU.Build.0 = Release|Any CPU
		{BC7E964B-2B6F-444D-AE70-CC74E749FBCB}.Debug|Any CPU.ActiveCfg = Debug|Any CPU
		{BC7E964B-2B6F-444D-AE70-CC74E749FBCB}.Debug|Any CPU.Build.0 = Debug|Any CPU
		{BC7E964B-2B6F-444D-AE70-CC74E749FBCB}.Release|Any CPU.ActiveCfg = Release|Any CPU
		{BC7E964B-2B6F-444D-AE70-CC74E749FBCB}.Release|Any CPU.Build.0 = Release|Any CPU
	EndGlobalSection
	GlobalSection(SolutionProperties) = preSolution
		HideSolutionNode = FALSE
	EndGlobalSection
	GlobalSection(NestedProjects) = preSolution
		{53FEB0BB-172A-4EA2-8DD7-3E273C28F2FB} = {7C460D35-3C71-4765-A20F-CEE5D7663506}
		{D8CB7915-D730-44DA-888F-CA5C23B1B112} = {7C460D35-3C71-4765-A20F-CEE5D7663506}
		{B8734233-7699-4A22-BC66-8EDEA7DD2014} = {7C460D35-3C71-4765-A20F-CEE5D7663506}
		{C2A49BD5-56D1-45F7-BECB-BE420B9BE8F5} = {7C460D35-3C71-4765-A20F-CEE5D7663506}
		{420A15C6-E55D-423D-AA76-67E9CB011658} = {7C460D35-3C71-4765-A20F-CEE5D7663506}
		{D3944E94-224C-4633-9B34-DDC260E56A8B} = {7C460D35-3C71-4765-A20F-CEE5D7663506}
		{74286AFF-0D3C-44F7-99B8-FC575F66C2F9} = {7C460D35-3C71-4765-A20F-CEE5D7663506}
		{4234B108-40BD-4097-AE95-596BA1815221} = {7C460D35-3C71-4765-A20F-CEE5D7663506}
		{859DEAD0-D2C0-4417-95B2-8A832FDA2C6A} = {7C460D35-3C71-4765-A20F-CEE5D7663506}
		{82D9D0A9-5BFC-44EE-8723-5E6A5B13D2A4} = {7CBCD0B4-BA09-47FE-9D8D-9782B4634B60}
		{6624DB35-B05A-42E0-B8A1-65B9511E01A5} = {7CBCD0B4-BA09-47FE-9D8D-9782B4634B60}
		{BC7E964B-2B6F-444D-AE70-CC74E749FBCB} = {7CBCD0B4-BA09-47FE-9D8D-9782B4634B60}
	EndGlobalSection
	GlobalSection(ExtensibilityGlobals) = postSolution
		SolutionGuid = {0179225A-77DB-4A9F-84F1-015E5440866D}
	EndGlobalSection
EndGlobal
